Microsoft Visual Studio Solution File, Format Version 12.00
# Visual Studio 2012
Project("{FAE04EC0-301F-11D3-BF4B-00C04F79EFBC}") = "De Pico y Pala Para Pincel", "De Pico y Pala Para Pincel.csproj", "{9E21907F-90F7-40BF-87E3-D9433E1E6003}"
EndProject
Global
	GlobalSection(SolutionConfigurationPlatforms) = preSolution
	Debug|Any CPU = Debug|Any CPU
	ExportDebug|Any CPU = ExportDebug|Any CPU
	ExportRelease|Any CPU = ExportRelease|Any CPU
	EndGlobalSection
	GlobalSection(ProjectConfigurationPlatforms) = postSolution
		{9E21907F-90F7-40BF-87E3-D9433E1E6003}.Debug|Any CPU.ActiveCfg = Debug|Any CPU
		{9E21907F-90F7-40BF-87E3-D9433E1E6003}.Debug|Any CPU.Build.0 = Debug|Any CPU
		{9E21907F-90F7-40BF-87E3-D9433E1E6003}.ExportDebug|Any CPU.ActiveCfg = ExportDebug|Any CPU
		{9E21907F-90F7-40BF-87E3-D9433E1E6003}.ExportDebug|Any CPU.Build.0 = ExportDebug|Any CPU
		{9E21907F-90F7-40BF-87E3-D9433E1E6003}.ExportRelease|Any CPU.ActiveCfg = ExportRelease|Any CPU
		{9E21907F-90F7-40BF-87E3-D9433E1E6003}.ExportRelease|Any CPU.Build.0 = ExportRelease|Any CPU
	EndGlobalSection
EndGlobal
